
Microsoft Visual Studio Solution File, Format Version 12.00
# Visual Studio Version 17
VisualStudioVersion = 17.5.33414.496
MinimumVisualStudioVersion = 10.0.40219.1
Project("{FAE04EC0-301F-11D3-BF4B-00C04F79EFBC}") = "Panta2.API", "Panta2.API\Panta2.API.csproj", "{BF4E4D1A-232C-4997-A185-063C45FB7691}"
EndProject
Project("{FAE04EC0-301F-11D3-BF4B-00C04F79EFBC}") = "Panta2.Core", "Panta2.Core\Panta2.Core.csproj", "{C1E024A1-C8E8-42FA-8442-BDA240FF05D7}"
EndProject
Project("{FAE04EC0-301F-11D3-BF4B-00C04F79EFBC}") = "Panta2.Application", "Panta2.Application\Panta2.Application.csproj", "{DE359E78-7EEF-4C88-8892-3F0FCC387BC9}"
EndProject
Project("{FAE04EC0-301F-11D3-BF4B-00C04F79EFBC}") = "Panta2.Infrastructure", "Panta2.Infrastructure\Panta2.Infrastructure.csproj", "{9AFAF837-25AB-4BFF-9945-C0DC2E278546}"
EndProject
Project("{FAE04EC0-301F-11D3-BF4B-00C04F79EFBC}") = "Panta2.ConfigAPI", "Panta2.ConfigAPI\Panta2.ConfigAPI.csproj", "{8F374A72-C775-4CFA-8DF8-B2996F8C8D19}"
EndProject
Global
	GlobalSection(SolutionConfigurationPlatforms) = preSolution
		Debug|Any CPU = Debug|Any CPU
		Release|Any CPU = Release|Any CPU
	EndGlobalSection
	GlobalSection(ProjectConfigurationPlatforms) = postSolution
		{BF4E4D1A-232C-4997-A185-063C45FB7691}.Debug|Any CPU.ActiveCfg = Debug|Any CPU
		{BF4E4D1A-232C-4997-A185-063C45FB7691}.Debug|Any CPU.Build.0 = Debug|Any CPU
		{BF4E4D1A-232C-4997-A185-063C45FB7691}.Release|Any CPU.ActiveCfg = Release|Any CPU
		{BF4E4D1A-232C-4997-A185-063C45FB7691}.Release|Any CPU.Build.0 = Release|Any CPU
		{C1E024A1-C8E8-42FA-8442-BDA240FF05D7}.Debug|Any CPU.ActiveCfg = Debug|Any CPU
		{C1E024A1-C8E8-42FA-8442-BDA240FF05D7}.Debug|Any CPU.Build.0 = Debug|Any CPU
		{C1E024A1-C8E8-42FA-8442-BDA240FF05D7}.Release|Any CPU.ActiveCfg = Release|Any CPU
		{C1E024A1-C8E8-42FA-8442-BDA240FF05D7}.Release|Any CPU.Build.0 = Release|Any CPU
		{DE359E78-7EEF-4C88-8892-3F0FCC387BC9}.Debug|Any CPU.ActiveCfg = Debug|Any CPU
		{DE359E78-7EEF-4C88-8892-3F0FCC387BC9}.Debug|Any CPU.Build.0 = Debug|Any CPU
		{DE359E78-7EEF-4C88-8892-3F0FCC387BC9}.Release|Any CPU.ActiveCfg = Release|Any CPU
		{DE359E78-7EEF-4C88-8892-3F0FCC387BC9}.Release|Any CPU.Build.0 = Release|Any CPU
		{9AFAF837-25AB-4BFF-9945-C0DC2E278546}.Debug|Any CPU.ActiveCfg = Debug|Any CPU
		{9AFAF837-25AB-4BFF-9945-C0DC2E278546}.Debug|Any CPU.Build.0 = Debug|Any CPU
		{9AFAF837-25AB-4BFF-9945-C0DC2E278546}.Release|Any CPU.ActiveCfg = Release|Any CPU
		{9AFAF837-25AB-4BFF-9945-C0DC2E278546}.Release|Any CPU.Build.0 = Release|Any CPU
		{8F374A72-C775-4CFA-8DF8-B2996F8C8D19}.Debug|Any CPU.ActiveCfg = Debug|Any CPU
		{8F374A72-C775-4CFA-8DF8-B2996F8C8D19}.Debug|Any CPU.Build.0 = Debug|Any CPU
		{8F374A72-C775-4CFA-8DF8-B2996F8C8D19}.Release|Any CPU.ActiveCfg = Release|Any CPU
		{8F374A72-C775-4CFA-8DF8-B2996F8C8D19}.Release|Any CPU.Build.0 = Release|Any CPU
	EndGlobalSection
	GlobalSection(SolutionProperties) = preSolution
		HideSolutionNode = FALSE
	EndGlobalSection
	GlobalSection(ExtensibilityGlobals) = postSolution
		SolutionGuid = {E00A311F-2832-4147-9897-89D6526DF7A7}
	EndGlobalSection
EndGlobal
